// !$*UTF8*$!
{
	archiveVersion = 1;
	classes = {
	};
	objectVersion = 46;
	objects = {

/* Begin PBXBuildFile section */
		DC9CC9C91A9D54A600E6AC4A /* AppDelegate.swift in Sources */ = {isa = PBXBuildFile; fileRef = DC9CC9C81A9D54A600E6AC4A /* AppDelegate.swift */; };
		DC9CC9CB1A9D54A600E6AC4A /* ViewController.swift in Sources */ = {isa = PBXBuildFile; fileRef = DC9CC9CA1A9D54A600E6AC4A /* ViewController.swift */; };
		DC9CC9CE1A9D54A600E6AC4A /* Main.storyboard in Resources */ = {isa = PBXBuildFile; fileRef = DC9CC9CC1A9D54A600E6AC4A /* Main.storyboard */; };
		DC9CC9D01A9D54A600E6AC4A /* Images.xcassets in Resources */ = {isa = PBXBuildFile; fileRef = DC9CC9CF1A9D54A600E6AC4A /* Images.xcassets */; };
		DC9CC9D31A9D54A600E6AC4A /* LaunchScreen.xib in Resources */ = {isa = PBXBuildFile; fileRef = DC9CC9D11A9D54A600E6AC4A /* LaunchScreen.xib */; };
		DC9CC9DF1A9D54A600E6AC4A /* BusAppTests.swift in Sources */ = {isa = PBXBuildFile; fileRef = DC9CC9DE1A9D54A600E6AC4A /* BusAppTests.swift */; };
/* End PBXBuildFile section */

/* Begin PBXContainerItemProxy section */
		DC9CC9D91A9D54A600E6AC4A /* PBXContainerItemProxy */ = {
			isa = PBXContainerItemProxy;
			containerPortal = DC9CC9BB1A9D54A500E6AC4A /* Project object */;
			proxyType = 1;
			remoteGlobalIDString = DC9CC9C21A9D54A500E6AC4A;
			remoteInfo = BusApp;
		};
/* End PBXContainerItemProxy section */

/* Begin PBXFileReference section */
		DC9CC9C31A9D54A600E6AC4A /* BusApp.app */ = {isa = PBXFileReference; explicitFileType = wrapper.application; includeInIndex = 0; path = BusApp.app; sourceTree = BUILT_PRODUCTS_DIR; };
		DC9CC9C71A9D54A600E6AC4A /* Info.plist */ = {isa = PBXFileReference; lastKnownFileType = text.plist.xml; path = Info.plist; sourceTree = "<group>"; };
		DC9CC9C81A9D54A600E6AC4A /* AppDelegate.swift */ = {isa = PBXFileReference; lastKnownFileType = sourcecode.swift; path = AppDelegate.swift; sourceTree = "<group>"; };
		DC9CC9CA1A9D54A600E6AC4A /* ViewController.swift */ = {isa = PBXFileReference; lastKnownFileType = sourcecode.swift; path = ViewController.swift; sourceTree = "<group>"; };
		DC9CC9CD1A9D54A600E6AC4A /* Base */ = {isa = PBXFileReference; lastKnownFileType = file.storyboard; name = Base; path = Base.lproj/Main.storyboard; sourceTree = "<group>"; };
		DC9CC9CF1A9D54A600E6AC4A /* Images.xcassets */ = {isa = PBXFileReference; lastKnownFileType = folder.assetcatalog; path = Images.xcassets; sourceTree = "<group>"; };
		DC9CC9D21A9D54A600E6AC4A /* Base */ = {isa = PBXFileReference; lastKnownFileType = file.xib; name = Base; path = Base.lproj/LaunchScreen.xib; sourceTree = "<group>"; };
		DC9CC9D81A9D54A600E6AC4A /* BusAppTests.xctest */ = {isa = PBXFileReference; explicitFileType = wrapper.cfbundle; includeInIndex = 0; path = BusAppTests.xctest; sourceTree = BUILT_PRODUCTS_DIR; };
		DC9CC9DD1A9D54A600E6AC4A /* Info.plist */ = {isa = PBXFileReference; lastKnownFileType = text.plist.xml; path = Info.plist; sourceTree = "<group>"; };
		DC9CC9DE1A9D54A600E6AC4A /* BusAppTests.swift */ = {isa = PBXFileReference; lastKnownFileType = sourcecode.swift; path = BusAppTests.swift; sourceTree = "<group>"; };
/* End PBXFileReference section */

/* Begin PBXFrameworksBuildPhase section */
		DC9CC9C01A9D54A500E6AC4A /* Frameworks */ = {
			isa = PBXFrameworksBuildPhase;
			buildActionMask = 2147483647;
			files = (
			);
			runOnlyForDeploymentPostprocessing = 0;
		};
		DC9CC9D51A9D54A600E6AC4A /* Frameworks */ = {
			isa = PBXFrameworksBuildPhase;
			buildActionMask = 2147483647;
			files = (
			);
			runOnlyForDeploymentPostprocessing = 0;
		};
/* End PBXFrameworksBuildPhase section */

/* Begin PBXGroup section */
		DC9CC9BA1A9D54A500E6AC4A = {
			isa = PBXGroup;
			children = (
				DC9CC9C51A9D54A600E6AC4A /* BusApp */,
				DC9CC9DB1A9D54A600E6AC4A /* BusAppTests */,
				DC9CC9C41A9D54A600E6AC4A /* Products */,
			);
			sourceTree = "<group>";
		};
		DC9CC9C41A9D54A600E6AC4A /* Products */ = {
			isa = PBXGroup;
			children = (
				DC9CC9C31A9D54A600E6AC4A /* BusApp.app */,
				DC9CC9D81A9D54A600E6AC4A /* BusAppTests.xctest */,
			);
			name = Products;
			sourceTree = "<group>";
		};
		DC9CC9C51A9D54A600E6AC4A /* BusApp */ = {
			isa = PBXGroup;
			children = (
				DC9CC9C81A9D54A600E6AC4A /* AppDelegate.swift */,
				DC9CC9CA1A9D54A600E6AC4A /* ViewController.swift */,
				DC9CC9CC1A9D54A600E6AC4A /* Main.storyboard */,
				DC9CC9CF1A9D54A600E6AC4A /* Images.xcassets */,
				DC9CC9D11A9D54A600E6AC4A /* LaunchScreen.xib */,
				DC9CC9C61A9D54A600E6AC4A /* Supporting Files */,
			);
			path = BusApp;
			sourceTree = "<group>";
		};
		DC9CC9C61A9D54A600E6AC4A /* Supporting Files */ = {
			isa = PBXGroup;
			children = (
				DC9CC9C71A9D54A600E6AC4A /* Info.plist */,
			);
			name = "Supporting Files";
			sourceTree = "<group>";
		};
		DC9CC9DB1A9D54A600E6AC4A /* BusAppTests */ = {
			isa = PBXGroup;
			children = (
				DC9CC9DE1A9D54A600E6AC4A /* BusAppTests.swift */,
				DC9CC9DC1A9D54A600E6AC4A /* Supporting Files */,
			);
			path = BusAppTests;
			sourceTree = "<group>";
		};
		DC9CC9DC1A9D54A600E6AC4A /* Supporting Files */ = {
			isa = PBXGroup;
			children = (
				DC9CC9DD1A9D54A600E6AC4A /* Info.plist */,
			);
			name = "Supporting Files";
			sourceTree = "<group>";
		};
/* End PBXGroup section */

/* Begin PBXNativeTarget section */
		DC9CC9C21A9D54A500E6AC4A /* BusApp */ = {
			isa = PBXNativeTarget;
			buildConfigurationList = DC9CC9E21A9D54A600E6AC4A /* Build configuration list for PBXNativeTarget "BusApp" */;
			buildPhases = (
				DC9CC9BF1A9D54A500E6AC4A /* Sources */,
				DC9CC9C01A9D54A500E6AC4A /* Frameworks */,
				DC9CC9C11A9D54A500E6AC4A /* Resources */,
			);
			buildRules = (
			);
			dependencies = (
			);
			name = BusApp;
			productName = BusApp;
			productReference = DC9CC9C31A9D54A600E6AC4A /* BusApp.app */;
			productType = "com.apple.product-type.application";
		};
		DC9CC9D71A9D54A600E6AC4A /* BusAppTests */ = {
			isa = PBXNativeTarget;
			buildConfigurationList = DC9CC9E51A9D54A600E6AC4A /* Build configuration list for PBXNativeTarget "BusAppTests" */;
			buildPhases = (
				DC9CC9D41A9D54A600E6AC4A /* Sources */,
				DC9CC9D51A9D54A600E6AC4A /* Frameworks */,
				DC9CC9D61A9D54A600E6AC4A /* Resources */,
			);
			buildRules = (
			);
			dependencies = (
				DC9CC9DA1A9D54A600E6AC4A /* PBXTargetDependency */,
			);
			name = BusAppTests;
			productName = BusAppTests;
			productReference = DC9CC9D81A9D54A600E6AC4A /* BusAppTests.xctest */;
			productType = "com.apple.product-type.bundle.unit-test";
		};
/* End PBXNativeTarget section */

/* Begin PBXProject section */
		DC9CC9BB1A9D54A500E6AC4A /* Project object */ = {
			isa = PBXProject;
			attributes = {
				LastUpgradeCheck = 0610;
				ORGANIZATIONNAME = AWLKA;
				TargetAttributes = {
					DC9CC9C21A9D54A500E6AC4A = {
						CreatedOnToolsVersion = 6.1.1;
					};
					DC9CC9D71A9D54A600E6AC4A = {
						CreatedOnToolsVersion = 6.1.1;
						TestTargetID = DC9CC9C21A9D54A500E6AC4A;
					};
				};
			};
			buildConfigurationList = DC9CC9BE1A9D54A500E6AC4A /* Build configuration list for PBXProject "BusApp" */;
			compatibilityVersion = "Xcode 3.2";
			developmentRegion = English;
			hasScannedForEncodings = 0;
			knownRegions = (
				en,
				Base,
			);
			mainGroup = DC9CC9BA1A9D54A500E6AC4A;
			productRefGroup = DC9CC9C41A9D54A600E6AC4A /* Products */;
			projectDirPath = "";
			projectRoot = "";
			targets = (
				DC9CC9C21A9D54A500E6AC4A /* BusApp */,
				DC9CC9D71A9D54A600E6AC4A /* BusAppTests */,
			);
		};
/* End PBXProject section */

/* Begin PBXResourcesBuildPhase section */
		DC9CC9C11A9D54A500E6AC4A /* Resources */ = {
			isa = PBXResourcesBuildPhase;
			buildActionMask = 2147483647;
			files = (
				DC9CC9CE1A9D54A600E6AC4A /* Main.storyboard in Resources */,
				DC9CC9D31A9D54A600E6AC4A /* LaunchScreen.xib in Resources */,
				DC9CC9D01A9D54A600E6AC4A /* Images.xcassets in Resources */,
			);
			runOnlyForDeploymentPostprocessing = 0;
		};
		DC9CC9D61A9D54A600E6AC4A /* Resources */ = {
			isa = PBXResourcesBuildPhase;
			buildActionMask = 2147483647;
			files = (
			);
			runOnlyForDeploymentPostprocessing = 0;
		};
/* End PBXResourcesBuildPhase section */

/* Begin PBXSourcesBuildPhase section */
		DC9CC9BF1A9D54A500E6AC4A /* Sources */ = {
			isa = PBXSourcesBuildPhase;
			buildActionMask = 2147483647;
			files = (
				DC9CC9CB1A9D54A600E6AC4A /* ViewController.swift in Sources */,
				DC9CC9C91A9D54A600E6AC4A /* AppDelegate.swift in Sources */,
			);
			runOnlyForDeploymentPostprocessing = 0;
		};
		DC9CC9D41A9D54A600E6AC4A /* Sources */ = {
			isa = PBXSourcesBuildPhase;
			buildActionMask = 2147483647;
			files = (
				DC9CC9DF1A9D54A600E6AC4A /* BusAppTests.swift in Sources */,
			);
			runOnlyForDeploymentPostprocessing = 0;
		};
/* End PBXSourcesBuildPhase section */

/* Begin PBXTargetDependency section */
		DC9CC9DA1A9D54A600E6AC4A /* PBXTargetDependency */ = {
			isa = PBXTargetDependency;
			target = DC9CC9C21A9D54A500E6AC4A /* BusApp */;
			targetProxy = DC9CC9D91A9D54A600E6AC4A /* PBXContainerItemProxy */;
		};
/* End PBXTargetDependency section */

/* Begin PBXVariantGroup section */
		DC9CC9CC1A9D54A600E6AC4A /* Main.storyboard */ = {
			isa = PBXVariantGroup;
			children = (
				DC9CC9CD1A9D54A600E6AC4A /* Base */,
			);
			name = Main.storyboard;
			sourceTree = "<group>";
		};
		DC9CC9D11A9D54A600E6AC4A /* LaunchScreen.xib */ = {
			isa = PBXVariantGroup;
			children = (
				DC9CC9D21A9D54A600E6AC4A /* Base */,
			);
			name = LaunchScreen.xib;
			sourceTree = "<group>";
		};
/* End PBXVariantGroup section */

/* Begin XCBuildConfiguration section */
		DC9CC9E01A9D54A600E6AC4A /* Debug */ = {
			isa = XCBuildConfiguration;
			buildSettings = {
				ALWAYS_SEARCH_USER_PATHS = NO;
				CLANG_CXX_LANGUAGE_STANDARD = "gnu++0x";
				CLANG_CXX_LIBRARY = "libc++";
				CLANG_ENABLE_MODULES = YES;
				CLANG_ENABLE_OBJC_ARC = YES;
				CLANG_WARN_BOOL_CONVERSION = YES;
				CLANG_WARN_CONSTANT_CONVERSION = YES;
				CLANG_WARN_DIRECT_OBJC_ISA_USAGE = YES_ERROR;
				CLANG_WARN_EMPTY_BODY = YES;
				CLANG_WARN_ENUM_CONVERSION = YES;
				CLANG_WARN_INT_CONVERSION = YES;
				CLANG_WARN_OBJC_ROOT_CLASS = YES_ERROR;
				CLANG_WARN_UNREACHABLE_CODE = YES;
				CLANG_WARN__DUPLICATE_METHOD_MATCH = YES;
				"CODE_SIGN_IDENTITY[sdk=iphoneos*]" = "iPhone Developer";
				COPY_PHASE_STRIP = NO;
				ENABLE_STRICT_OBJC_MSGSEND = YES;
				GCC_C_LANGUAGE_STANDARD = gnu99;
				GCC_DYNAMIC_NO_PIC = NO;
				GCC_OPTIMIZATION_LEVEL = 0;
				GCC_PREPROCESSOR_DEFINITIONS = (
					"DEBUG=1",
					"$(inherited)",
				);
				GCC_SYMBOLS_PRIVATE_EXTERN = NO;
				GCC_WARN_64_TO_32_BIT_CONVERSION = YES;
				GCC_WARN_ABOUT_RETURN_TYPE = YES_ERROR;
				GCC_WARN_UNDECLARED_SELECTOR = YES;
				GCC_WARN_UNINITIALIZED_AUTOS = YES_AGGRESSIVE;
				GCC_WARN_UNUSED_FUNCTION = YES;
				GCC_WARN_UNUSED_VARIABLE = YES;
				IPHONEOS_DEPLOYMENT_TARGET = 8.1;
				MTL_ENABLE_DEBUG_INFO = YES;
				ONLY_ACTIVE_ARCH = YES;
				SDKROOT = iphoneos;
				SWIFT_OPTIMIZATION_LEVEL = "-Onone";
			};
			name = Debug;
		};
		DC9CC9E11A9D54A600E6AC4A /* Release */ = {
			isa = XCBuildConfiguration;
			buildSettings = {
				ALWAYS_SEARCH_USER_PATHS = NO;
				CLANG_CXX_LANGUAGE_STANDARD = "gnu++0x";
				CLANG_CXX_LIBRARY = "libc++";
				CLANG_ENABLE_MODULES = YES;
				CLANG_ENABLE_OBJC_ARC = YES;
				CLANG_WARN_BOOL_CONVERSION = YES;
				CLANG_WARN_CONSTANT_CONVERSION = YES;
				CLANG_WARN_DIRECT_OBJC_ISA_USAGE = YES_ERROR;
				CLANG_WARN_EMPTY_BODY = YES;
				CLANG_WARN_ENUM_CONVERSION = YES;
				CLANG_WARN_INT_CONVERSION = YES;
				CLANG_WARN_OBJC_ROOT_CLASS = YES_ERROR;
				CLANG_WARN_UNREACHABLE_CODE = YES;
				CLANG_WARN__DUPLICATE_METHOD_MATCH = YES;
				"CODE_SIGN_IDENTITY[sdk=iphoneos*]" = "iPhone Developer";
				COPY_PHASE_STRIP = YES;
				ENABLE_NS_ASSERTIONS = NO;
				ENABLE_STRICT_OBJC_MSGSEND = YES;
				GCC_C_LANGUAGE_STANDARD = gnu99;
				GCC_WARN_64_TO_32_BIT_CONVERSION = YES;
				GCC_WARN_ABOUT_RETURN_TYPE = YES_ERROR;
				GCC_WARN_UNDECLARED_SELECTOR = YES;
				GCC_WARN_UNINITIALIZED_AUTOS = YES_AGGRESSIVE;
				GCC_WARN_UNUSED_FUNCTION = YES;
				GCC_WARN_UNUSED_VARIABLE = YES;
				IPHONEOS_DEPLOYMENT_TARGET = 8.1;
				MTL_ENABLE_DEBUG_INFO = NO;
				SDKROOT = iphoneos;
				VALIDATE_PRODUCT = YES;
			};
			name = Release;
		};
		DC9CC9E31A9D54A600E6AC4A /* Debug */ = {
			isa = XCBuildConfiguration;
			buildSettings = {
				ASSETCATALOG_COMPILER_APPICON_NAME = AppIcon;
				INFOPLIST_FILE = BusApp/Info.plist;
				LD_RUNPATH_SEARCH_PATHS = "$(inherited) @executable_path/Frameworks";
				PRODUCT_NAME = "$(TARGET_NAME)";
			};
			name = Debug;
		};
		DC9CC9E41A9D54A600E6AC4A /* Release */ = {
			isa = XCBuildConfiguration;
			buildSettings = {
				ASSETCATALOG_COMPILER_APPICON_NAME = AppIcon;
				INFOPLIST_FILE = BusApp/Info.plist;
				LD_RUNPATH_SEARCH_PATHS = "$(inherited) @executable_path/Frameworks";
				PRODUCT_NAME = "$(TARGET_NAME)";
			};
			name = Release;
		};
		DC9CC9E61A9D54A600E6AC4A /* Debug */ = {
			isa = XCBuildConfiguration;
			buildSettings = {
				BUNDLE_LOADER = "$(TEST_HOST)";
				FRAMEWORK_SEARCH_PATHS = (
					"$(SDKROOT)/Developer/Library/Frameworks",
					"$(inherited)",
				);
				GCC_PREPROCESSOR_DEFINITIONS = (
					"DEBUG=1",
					"$(inherited)",
				);
				INFOPLIST_FILE = BusAppTests/Info.plist;
				LD_RUNPATH_SEARCH_PATHS = "$(inherited) @executable_path/Frameworks @loader_path/Frameworks";
				PRODUCT_NAME = "$(TARGET_NAME)";
				TEST_HOST = "$(BUILT_PRODUCTS_DIR)/BusApp.app/BusApp";
			};
			name = Debug;
		};
		DC9CC9E71A9D54A600E6AC4A /* Release */ = {
			isa = XCBuildConfiguration;
			buildSettings = {
				BUNDLE_LOADER = "$(TEST_HOST)";
				FRAMEWORK_SEARCH_PATHS = (
					"$(SDKROOT)/Developer/Library/Frameworks",
					"$(inherited)",
				);
				INFOPLIST_FILE = BusAppTests/Info.plist;
				LD_RUNPATH_SEARCH_PATHS = "$(inherited) @executable_path/Frameworks @loader_path/Frameworks";
				PRODUCT_NAME = "$(TARGET_NAME)";
				TEST_HOST = "$(BUILT_PRODUCTS_DIR)/BusApp.app/BusApp";
			};
			name = Release;
		};
/* End XCBuildConfiguration section */

/* Begin XCConfigurationList section */
		DC9CC9BE1A9D54A500E6AC4A /* Build configuration list for PBXProject "BusApp" */ = {
			isa = XCConfigurationList;
			buildConfigurations = (
				DC9CC9E01A9D54A600E6AC4A /* Debug */,
				DC9CC9E11A9D54A600E6AC4A /* Release */,
			);
			defaultConfigurationIsVisible = 0;
			defaultConfigurationName = Release;
		};
		DC9CC9E21A9D54A600E6AC4A /* Build configuration list for PBXNativeTarget "BusApp" */ = {
			isa = XCConfigurationList;
			buildConfigurations = (
				DC9CC9E31A9D54A600E6AC4A /* Debug */,
				DC9CC9E41A9D54A600E6AC4A /* Release */,
			);
			defaultConfigurationIsVisible = 0;
		};
		DC9CC9E51A9D54A600E6AC4A /* Build configuration list for PBXNativeTarget "BusAppTests" */ = {
			isa = XCConfigurationList;
			buildConfigurations = (
				DC9CC9E61A9D54A600E6AC4A /* Debug */,
				DC9CC9E71A9D54A600E6AC4A /* Release */,
			);
			defaultConfigurationIsVisible = 0;
		};
/* End XCConfigurationList section */
	};
	rootObject = DC9CC9BB1A9D54A500E6AC4A /* Project object */;
}
